
Microsoft Visual Studio Solution File, Format Version 12.00
# Visual Studio Version 16
VisualStudioVersion = 16.0.30114.128
MinimumVisualStudioVersion = 10.0.40219.1
Project("{9A19103F-16F7-4668-BE54-9A1E7A4F7556}") = "Sandbox", "Source\Sandbox\Sandbox.csproj", "{63F1A209-B24F-43A0-9BF8-7B95BB1599E6}"
EndProject
Project("{9A19103F-16F7-4668-BE54-9A1E7A4F7556}") = "PhantomJs.NetCore", "Source\PhantomJs.NetCore\PhantomJs.NetCore.csproj", "{FA17C1B7-E4E3-4067-9DD9-3144F7E8BAD8}"
EndProject
Project("{2150E333-8FDC-42A3-9474-1A3956D46DE8}") = "Solution Items", "Solution Items", "{7471AAB8-CEDC-4FF9-8F89-8AB6DEA72036}"
	ProjectSection(SolutionItems) = preProject
		.gitignore = .gitignore
		LICENSE = LICENSE
		README.md = README.md
	EndProjectSection
EndProject
Global
	GlobalSection(SolutionConfigurationPlatforms) = preSolution
		Debug|Any CPU = Debug|Any CPU
		Release|Any CPU = Release|Any CPU
	EndGlobalSection
	GlobalSection(ProjectConfigurationPlatforms) = postSolution
		{63F1A209-B24F-43A0-9BF8-7B95BB1599E6}.Debug|Any CPU.ActiveCfg = Debug|Any CPU
		{63F1A209-B24F-43A0-9BF8-7B95BB1599E6}.Debug|Any CPU.Build.0 = Debug|Any CPU
		{63F1A209-B24F-43A0-9BF8-7B95BB1599E6}.Release|Any CPU.ActiveCfg = Release|Any CPU
		{FA17C1B7-E4E3-4067-9DD9-3144F7E8BAD8}.Debug|Any CPU.ActiveCfg = Debug|Any CPU
		{FA17C1B7-E4E3-4067-9DD9-3144F7E8BAD8}.Debug|Any CPU.Build.0 = Debug|Any CPU
		{FA17C1B7-E4E3-4067-9DD9-3144F7E8BAD8}.Release|Any CPU.ActiveCfg = Release|Any CPU
		{FA17C1B7-E4E3-4067-9DD9-3144F7E8BAD8}.Release|Any CPU.Build.0 = Release|Any CPU
	EndGlobalSection
	GlobalSection(SolutionProperties) = preSolution
		HideSolutionNode = FALSE
	EndGlobalSection
	GlobalSection(ExtensibilityGlobals) = postSolution
		SolutionGuid = {7D3DC0F5-C33D-4DA4-9FEC-948894D37E5A}
	EndGlobalSection
EndGlobal
